
Microsoft Visual Studio Solution File, Format Version 12.00
# Visual Studio 15
VisualStudioVersion = 15.0.26403.7
MinimumVisualStudioVersion = 10.0.40219.1
Project("{FAE04EC0-301F-11D3-BF4B-00C04F79EFBC}") = "Group_Project", "Group_Project\Group_Project.csproj", "{51161C3A-8083-4DE3-B932-FC03A799B198}"
EndProject
Project("{2150E333-8FDC-42A3-9474-1A3956D46DE8}") = "Solution Items", "Solution Items", "{0A84F44D-A437-413F-A3C1-28A7C9365B40}"
EndProject
Global
	GlobalSection(SolutionConfigurationPlatforms) = preSolution
		Debug|Any CPU = Debug|Any CPU
		Release|Any CPU = Release|Any CPU
	EndGlobalSection
	GlobalSection(ProjectConfigurationPlatforms) = postSolution
		{51161C3A-8083-4DE3-B932-FC03A799B198}.Debug|Any CPU.ActiveCfg = Debug|Any CPU
		{51161C3A-8083-4DE3-B932-FC03A799B198}.Debug|Any CPU.Build.0 = Debug|Any CPU
		{51161C3A-8083-4DE3-B932-FC03A799B198}.Release|Any CPU.ActiveCfg = Release|Any CPU
		{51161C3A-8083-4DE3-B932-FC03A799B198}.Release|Any CPU.Build.0 = Release|Any CPU
	EndGlobalSection
	GlobalSection(SolutionProperties) = preSolution
		HideSolutionNode = FALSE
	EndGlobalSection
EndGlobal
